<Solution>
  <Folder Name="/src/">
    <Project Path="src/APCVehicleTracker.Data/APCVehicleTracker.Data.csproj" />
    <Project Path="src/APCVehicleTracker/APCVehicleTracker.csproj" />
  </Folder>
  <Folder Name="/tests/">
    <Project Path="tests/APCVehicleTracker.Tests/APCVehicleTracker.Tests.csproj" />
  </Folder>
  <Project Path="src/APCVehicleTracker.API/APCVehicleTracker.API.csproj" Id="3181a72a-5cd2-41ec-8983-6d8f14e393ce" />
</Solution>
